{
  "originHash" : "a882106e67ac01286c6ad774a7a05817d03e5bee8d8727c3138597a6ccb203b3",
  "pins" : [
    {
      "identity" : "swift-docc-plugin",
      "kind" : "remoteSourceControl",
      "location" : "https://github.com/swiftlang/swift-docc-plugin.git",
      "state" : {
        "revision" : "85e4bb4e1cd62cec64a4b8e769dcefdf0c5b9d64",
        "version" : "1.4.3"
      }
    },
    {
      "identity" : "swift-docc-symbolkit",
      "kind" : "remoteSourceControl",
      "location" : "https://github.com/swiftlang/swift-docc-symbolkit",
      "state" : {
        "revision" : "b45d1f2ed151d057b54504d653e0da5552844e34",
        "version" : "1.0.0"
      }
    },
    {
      "identity" : "swift-syntax",
      "kind" : "remoteSourceControl",
      "location" : "https://github.com/swiftlang/swift-syntax.git",
      "state" : {
        "revision" : "0687f71944021d616d34d922343dcef086855920",
        "version" : "600.0.1"
      }
    },
    {
      "identity" : "swiftkeychain",
      "kind" : "remoteSourceControl",
      "location" : "https://github.com/ShenghaiWang/SwiftKeychain.git",
      "state" : {
        "revision" : "34be6816cab951f20d3ec78d8cb598043af4b3f0",
        "version" : "0.2.0"
      }
    }
  ],
  "version" : 3
}
